# THIS IS AN AUTOGENERATED FILE. DO NOT EDIT THIS FILE DIRECTLY.
# yarn lockfile v1


"@babel/parser@^7.16.6":
  version "7.16.8"
  resolved "https://mirrors.tencent.com/npm/@babel%2fparser/-/parser-7.16.8.tgz#61c243a3875f7d0b0962b0543a33ece6ff2f1f17"
  integrity sha512-i7jDUfrVBWc+7OKcBzEe5n7fbv3i2fWtxKzzCvOjnzSxMfWMigAhtfJ7qzZNGFNMsCCd67+uz553dYKWXPvCKw==

bytenode@^1.3.4:
  version "1.3.4"
  resolved "https://mirrors.tencent.com/npm/bytenode/-/bytenode-1.3.4.tgz#6ab5830d70341de6ae9ae08ccafbd092faa0bade"

little-byte@^0.1.2:
  version "0.1.2"
  resolved "https://mirrors.tencent.com/npm/little-byte/-/little-byte-0.1.2.tgz#c61edd61c5a5ab2a36e5d76d96024b72f258a98b"
  integrity sha512-Et19HxAqtHfBMSY8Tt7aFDqhUqThyzdO2do8tPLdftqe9+MOe4rJYh5PvszosQMKfa/0xJFDMCXHfejKsOJFNw==
  dependencies:
    "@babel/parser" "^7.16.6"

minimist@^1.2.5:
  version "1.2.5"
  resolved "https://mirrors.tencent.com/npm/minimist/-/minimist-1.2.5.tgz#67d66014b66a6a8aaa0c083c5fd58df4e4e97602"
  integrity sha512-FM9nNUYrRBAELZQT3xeZQ7fmMOBg6nWNmJKTcgsJeaLstP/UODVpGsr5OhXhhXg6f+qtJ8uiZ+PUxkDWcgIXLw==
